
Microsoft Visual Studio Solution File, Format Version 12.00
# Visual Studio Version 16
VisualStudioVersion = 16.0.29926.136
MinimumVisualStudioVersion = 10.0.40219.1
Project("{FAE04EC0-301F-11D3-BF4B-00C04F79EFBC}") = "MicroIdentityService", "IdentityService\MicroIdentityService.csproj", "{A9A23553-83AC-42B7-8511-71D4419B7667}"
EndProject
Global
	GlobalSection(SolutionConfigurationPlatforms) = preSolution
		Debug|Any CPU = Debug|Any CPU
		Release|Any CPU = Release|Any CPU
	EndGlobalSection
	GlobalSection(ProjectConfigurationPlatforms) = postSolution
		{A9A23553-83AC-42B7-8511-71D4419B7667}.Debug|Any CPU.ActiveCfg = Debug|Any CPU
		{A9A23553-83AC-42B7-8511-71D4419B7667}.Debug|Any CPU.Build.0 = Debug|Any CPU
		{A9A23553-83AC-42B7-8511-71D4419B7667}.Release|Any CPU.ActiveCfg = Release|Any CPU
		{A9A23553-83AC-42B7-8511-71D4419B7667}.Release|Any CPU.Build.0 = Release|Any CPU
	EndGlobalSection
	GlobalSection(SolutionProperties) = preSolution
		HideSolutionNode = FALSE
	EndGlobalSection
	GlobalSection(ExtensibilityGlobals) = postSolution
		SolutionGuid = {AC3A1D71-3F97-4060-B981-C3C97C31E597}
	EndGlobalSection
EndGlobal
